<?xml version="1.0" encoding="utf-8"?>
<Project ToolsVersion="4.0" xmlns="http://schemas.microsoft.com/developer/msbuild/2003">
  <ItemGroup>
    <Filter Include="NE">
      <UniqueIdentifier>{98745900-8400-880B-EDAE-880BD959880B}</UniqueIdentifier>
    </Filter>
  </ItemGroup>
  <ItemGroup>
    <ClInclude Include="src\NE.h" />
    <ClInclude Include="src\NE\Application.h">
      <Filter>NE</Filter>
    </ClInclude>
    <ClInclude Include="src\NE\Core.h">
      <Filter>NE</Filter>
    </ClInclude>
    <ClInclude Include="src\NE\EntryPoint.h">
      <Filter>NE</Filter>
    </ClInclude>
    <ClInclude Include="src\NE\Log.h">
      <Filter>NE</Filter>
    </ClInclude>
  </ItemGroup>
  <ItemGroup>
    <ClCompile Include="src\NE\Application.cpp">
      <Filter>NE</Filter>
    </ClCompile>
    <ClCompile Include="src\NE\Log.cpp">
      <Filter>NE</Filter>
    </ClCompile>
  </ItemGroup>
</Project>